
Microsoft Visual Studio Solution File, Format Version 12.00
# Visual Studio Version 17
VisualStudioVersion = 17.8.34511.84
MinimumVisualStudioVersion = 10.0.40219.1
Project("{FAE04EC0-301F-11D3-BF4B-00C04F79EFBC}") = "ExtrairFicheiroExcell", "ExtrairFicheiroExcell\ExtrairFicheiroExcell.csproj", "{48593D7D-3C5D-4283-A6A4-7D67AEA1A317}"
EndProject
Global
	GlobalSection(SolutionConfigurationPlatforms) = preSolution
		Debug|Any CPU = Debug|Any CPU
		Release|Any CPU = Release|Any CPU
	EndGlobalSection
	GlobalSection(ProjectConfigurationPlatforms) = postSolution
		{48593D7D-3C5D-4283-A6A4-7D67AEA1A317}.Debug|Any CPU.ActiveCfg = Debug|Any CPU
		{48593D7D-3C5D-4283-A6A4-7D67AEA1A317}.Debug|Any CPU.Build.0 = Debug|Any CPU
		{48593D7D-3C5D-4283-A6A4-7D67AEA1A317}.Release|Any CPU.ActiveCfg = Release|Any CPU
		{48593D7D-3C5D-4283-A6A4-7D67AEA1A317}.Release|Any CPU.Build.0 = Release|Any CPU
	EndGlobalSection
	GlobalSection(SolutionProperties) = preSolution
		HideSolutionNode = FALSE
	EndGlobalSection
	GlobalSection(ExtensibilityGlobals) = postSolution
		SolutionGuid = {54F712E9-24A9-487C-B493-C1B163113F71}
	EndGlobalSection
EndGlobal
